// !$*UTF8*$!
{
	archiveVersion = 1;
	classes = {
	};
	objectVersion = 46;
	objects = {

/* Begin PBXBuildFile section */
		9E0036F31B2F3503001412FF /* SoundArray.m in Sources */ = {isa = PBXBuildFile; fileRef = 9E0036F21B2F3503001412FF /* SoundArray.m */; };
		9E0036F41B2F3503001412FF /* SoundArray.m in Sources */ = {isa = PBXBuildFile; fileRef = 9E0036F21B2F3503001412FF /* SoundArray.m */; };
		9E352BAB1BBE115B009088AC /* AllStarWithSearchViewController.m in Sources */ = {isa = PBXBuildFile; fileRef = 9E352BAA1BBE115B009088AC /* AllStarWithSearchViewController.m */; };
		9E5F460C1BBC0EA20065276D /* data.plist in Resources */ = {isa = PBXBuildFile; fileRef = 9E5F460B1BBC0EA20065276D /* data.plist */; };
		9EDDBBB91BBBFB32007E3BBE /* ChooseAndRebelViewController.m in Sources */ = {isa = PBXBuildFile; fileRef = 9EDDBBB81BBBFB32007E3BBE /* ChooseAndRebelViewController.m */; };
		9EDDBBBC1BBBFBA1007E3BBE /* EnemyGroupData.m in Sources */ = {isa = PBXBuildFile; fileRef = 9EDDBBBB1BBBFBA1007E3BBE /* EnemyGroupData.m */; };
		9EDDBBC01BBC0950007E3BBE /* AllStars.m in Sources */ = {isa = PBXBuildFile; fileRef = 9EDDBBBF1BBC0950007E3BBE /* AllStars.m */; };
		9EDDBBC31BBC09F5007E3BBE /* AllStarsTableViewController.m in Sources */ = {isa = PBXBuildFile; fileRef = 9EDDBBC21BBC09F5007E3BBE /* AllStarsTableViewController.m */; };
		9EFABC551BBCB70A005E4CFB /* RebelSuggestion.m in Sources */ = {isa = PBXBuildFile; fileRef = 9EFABC541BBCB70A005E4CFB /* RebelSuggestion.m */; };
		9EFFC0051B2F325700E3D903 /* main.m in Sources */ = {isa = PBXBuildFile; fileRef = 9EFFC0041B2F325700E3D903 /* main.m */; };
		9EFFC0081B2F325700E3D903 /* AppDelegate.m in Sources */ = {isa = PBXBuildFile; fileRef = 9EFFC0071B2F325700E3D903 /* AppDelegate.m */; };
		9EFFC00B1B2F325700E3D903 /* ViewController.m in Sources */ = {isa = PBXBuildFile; fileRef = 9EFFC00A1B2F325700E3D903 /* ViewController.m */; };
		9EFFC00E1B2F325700E3D903 /* Main.storyboard in Resources */ = {isa = PBXBuildFile; fileRef = 9EFFC00C1B2F325700E3D903 /* Main.storyboard */; };
		9EFFC0101B2F325700E3D903 /* Images.xcassets in Resources */ = {isa = PBXBuildFile; fileRef = 9EFFC00F1B2F325700E3D903 /* Images.xcassets */; };
		9EFFC0131B2F325700E3D903 /* LaunchScreen.xib in Resources */ = {isa = PBXBuildFile; fileRef = 9EFFC0111B2F325700E3D903 /* LaunchScreen.xib */; };
/* End PBXBuildFile section */

/* Begin PBXContainerItemProxy section */
		9EFFC0191B2F325700E3D903 /* PBXContainerItemProxy */ = {
			isa = PBXContainerItemProxy;
			containerPortal = 9EFFBFF71B2F325700E3D903 /* Project object */;
			proxyType = 1;
			remoteGlobalIDString = 9EFFBFFE1B2F325700E3D903;
			remoteInfo = "Dota Helper";
		};
/* End PBXContainerItemProxy section */

/* Begin PBXFileReference section */
		9E0036F11B2F3503001412FF /* SoundArray.h */ = {isa = PBXFileReference; fileEncoding = 4; lastKnownFileType = sourcecode.c.h; path = SoundArray.h; sourceTree = "<group>"; };
		9E0036F21B2F3503001412FF /* SoundArray.m */ = {isa = PBXFileReference; fileEncoding = 4; lastKnownFileType = sourcecode.c.objc; path = SoundArray.m; sourceTree = "<group>"; };
		9E352BA91BBE115B009088AC /* AllStarWithSearchViewController.h */ = {isa = PBXFileReference; fileEncoding = 4; lastKnownFileType = sourcecode.c.h; path = AllStarWithSearchViewController.h; sourceTree = "<group>"; };
		9E352BAA1BBE115B009088AC /* AllStarWithSearchViewController.m */ = {isa = PBXFileReference; fileEncoding = 4; lastKnownFileType = sourcecode.c.objc; path = AllStarWithSearchViewController.m; sourceTree = "<group>"; };
		9E5F460B1BBC0EA20065276D /* data.plist */ = {isa = PBXFileReference; fileEncoding = 4; lastKnownFileType = text.plist.xml; path = data.plist; sourceTree = "<group>"; };
		9EDDBBB71BBBFB32007E3BBE /* ChooseAndRebelViewController.h */ = {isa = PBXFileReference; fileEncoding = 4; lastKnownFileType = sourcecode.c.h; path = ChooseAndRebelViewController.h; sourceTree = "<group>"; };
		9EDDBBB81BBBFB32007E3BBE /* ChooseAndRebelViewController.m */ = {isa = PBXFileReference; fileEncoding = 4; lastKnownFileType = sourcecode.c.objc; path = ChooseAndRebelViewController.m; sourceTree = "<group>"; };
		9EDDBBBA1BBBFBA1007E3BBE /* EnemyGroupData.h */ = {isa = PBXFileReference; fileEncoding = 4; lastKnownFileType = sourcecode.c.h; path = EnemyGroupData.h; sourceTree = "<group>"; };
		9EDDBBBB1BBBFBA1007E3BBE /* EnemyGroupData.m */ = {isa = PBXFileReference; fileEncoding = 4; lastKnownFileType = sourcecode.c.objc; path = EnemyGroupData.m; sourceTree = "<group>"; };
		9EDDBBBE1BBC0950007E3BBE /* AllStars.h */ = {isa = PBXFileReference; fileEncoding = 4; lastKnownFileType = sourcecode.c.h; path = AllStars.h; sourceTree = "<group>"; };
		9EDDBBBF1BBC0950007E3BBE /* AllStars.m */ = {isa = PBXFileReference; fileEncoding = 4; lastKnownFileType = sourcecode.c.objc; path = AllStars.m; sourceTree = "<group>"; };
		9EDDBBC11BBC09F5007E3BBE /* AllStarsTableViewController.h */ = {isa = PBXFileReference; fileEncoding = 4; lastKnownFileType = sourcecode.c.h; path = AllStarsTableViewController.h; sourceTree = "<group>"; };
		9EDDBBC21BBC09F5007E3BBE /* AllStarsTableViewController.m */ = {isa = PBXFileReference; fileEncoding = 4; lastKnownFileType = sourcecode.c.objc; path = AllStarsTableViewController.m; sourceTree = "<group>"; };
		9EFABC531BBCB70A005E4CFB /* RebelSuggestion.h */ = {isa = PBXFileReference; fileEncoding = 4; lastKnownFileType = sourcecode.c.h; path = RebelSuggestion.h; sourceTree = "<group>"; };
		9EFABC541BBCB70A005E4CFB /* RebelSuggestion.m */ = {isa = PBXFileReference; fileEncoding = 4; lastKnownFileType = sourcecode.c.objc; path = RebelSuggestion.m; sourceTree = "<group>"; };
		9EFFBFFF1B2F325700E3D903 /* Dota Helper.app */ = {isa = PBXFileReference; explicitFileType = wrapper.application; includeInIndex = 0; path = "Dota Helper.app"; sourceTree = BUILT_PRODUCTS_DIR; };
		9EFFC0031B2F325700E3D903 /* Info.plist */ = {isa = PBXFileReference; lastKnownFileType = text.plist.xml; path = Info.plist; sourceTree = "<group>"; };
		9EFFC0041B2F325700E3D903 /* main.m */ = {isa = PBXFileReference; lastKnownFileType = sourcecode.c.objc; path = main.m; sourceTree = "<group>"; };
		9EFFC0061B2F325700E3D903 /* AppDelegate.h */ = {isa = PBXFileReference; lastKnownFileType = sourcecode.c.h; path = AppDelegate.h; sourceTree = "<group>"; };
		9EFFC0071B2F325700E3D903 /* AppDelegate.m */ = {isa = PBXFileReference; lastKnownFileType = sourcecode.c.objc; path = AppDelegate.m; sourceTree = "<group>"; };
		9EFFC0091B2F325700E3D903 /* ViewController.h */ = {isa = PBXFileReference; lastKnownFileType = sourcecode.c.h; path = ViewController.h; sourceTree = "<group>"; };
		9EFFC00A1B2F325700E3D903 /* ViewController.m */ = {isa = PBXFileReference; lastKnownFileType = sourcecode.c.objc; path = ViewController.m; sourceTree = "<group>"; };
		9EFFC00D1B2F325700E3D903 /* Base */ = {isa = PBXFileReference; lastKnownFileType = file.storyboard; name = Base; path = Base.lproj/Main.storyboard; sourceTree = "<group>"; };
		9EFFC00F1B2F325700E3D903 /* Images.xcassets */ = {isa = PBXFileReference; lastKnownFileType = folder.assetcatalog; path = Images.xcassets; sourceTree = "<group>"; };
		9EFFC0121B2F325700E3D903 /* Base */ = {isa = PBXFileReference; lastKnownFileType = file.xib; name = Base; path = Base.lproj/LaunchScreen.xib; sourceTree = "<group>"; };
		9EFFC0181B2F325700E3D903 /* Dota HelperTests.xctest */ = {isa = PBXFileReference; explicitFileType = wrapper.cfbundle; includeInIndex = 0; path = "Dota HelperTests.xctest"; sourceTree = BUILT_PRODUCTS_DIR; };
/* End PBXFileReference section */

/* Begin PBXFrameworksBuildPhase section */
		9EFFBFFC1B2F325700E3D903 /* Frameworks */ = {
			isa = PBXFrameworksBuildPhase;
			buildActionMask = 2147483647;
			files = (
			);
			runOnlyForDeploymentPostprocessing = 0;
		};
		9EFFC0151B2F325700E3D903 /* Frameworks */ = {
			isa = PBXFrameworksBuildPhase;
			buildActionMask = 2147483647;
			files = (
			);
			runOnlyForDeploymentPostprocessing = 0;
		};
/* End PBXFrameworksBuildPhase section */

/* Begin PBXGroup section */
		9EDDBBB61BBBFACF007E3BBE /* ChooseAndRebel */ = {
			isa = PBXGroup;
			children = (
				9EDDBBB71BBBFB32007E3BBE /* ChooseAndRebelViewController.h */,
				9EDDBBB81BBBFB32007E3BBE /* ChooseAndRebelViewController.m */,
				9EDDBBBA1BBBFBA1007E3BBE /* EnemyGroupData.h */,
				9EDDBBBB1BBBFBA1007E3BBE /* EnemyGroupData.m */,
				9EFABC531BBCB70A005E4CFB /* RebelSuggestion.h */,
				9EFABC541BBCB70A005E4CFB /* RebelSuggestion.m */,
			);
			name = ChooseAndRebel;
			sourceTree = "<group>";
		};
		9EDDBBBD1BBC0925007E3BBE /* AllStars */ = {
			isa = PBXGroup;
			children = (
				9EDDBBBE1BBC0950007E3BBE /* AllStars.h */,
				9EDDBBBF1BBC0950007E3BBE /* AllStars.m */,
				9EDDBBC11BBC09F5007E3BBE /* AllStarsTableViewController.h */,
				9EDDBBC21BBC09F5007E3BBE /* AllStarsTableViewController.m */,
				9E352BA91BBE115B009088AC /* AllStarWithSearchViewController.h */,
				9E352BAA1BBE115B009088AC /* AllStarWithSearchViewController.m */,
			);
			name = AllStars;
			sourceTree = "<group>";
		};
		9EFFBFF61B2F325700E3D903 = {
			isa = PBXGroup;
			children = (
				9E5F460B1BBC0EA20065276D /* data.plist */,
				9EFFC0011B2F325700E3D903 /* Dota Helper */,
				9EFFC0001B2F325700E3D903 /* Products */,
			);
			sourceTree = "<group>";
		};
		9EFFC0001B2F325700E3D903 /* Products */ = {
			isa = PBXGroup;
			children = (
				9EFFBFFF1B2F325700E3D903 /* Dota Helper.app */,
				9EFFC0181B2F325700E3D903 /* Dota HelperTests.xctest */,
			);
			name = Products;
			sourceTree = "<group>";
		};
		9EFFC0011B2F325700E3D903 /* Dota Helper */ = {
			isa = PBXGroup;
			children = (
				9EDDBBBD1BBC0925007E3BBE /* AllStars */,
				9EDDBBB61BBBFACF007E3BBE /* ChooseAndRebel */,
				9E0036F11B2F3503001412FF /* SoundArray.h */,
				9E0036F21B2F3503001412FF /* SoundArray.m */,
				9EFFC0061B2F325700E3D903 /* AppDelegate.h */,
				9EFFC0071B2F325700E3D903 /* AppDelegate.m */,
				9EFFC0091B2F325700E3D903 /* ViewController.h */,
				9EFFC00A1B2F325700E3D903 /* ViewController.m */,
				9EFFC00C1B2F325700E3D903 /* Main.storyboard */,
				9EFFC00F1B2F325700E3D903 /* Images.xcassets */,
				9EFFC0111B2F325700E3D903 /* LaunchScreen.xib */,
				9EFFC0021B2F325700E3D903 /* Supporting Files */,
			);
			path = "Dota Helper";
			sourceTree = "<group>";
		};
		9EFFC0021B2F325700E3D903 /* Supporting Files */ = {
			isa = PBXGroup;
			children = (
				9EFFC0031B2F325700E3D903 /* Info.plist */,
				9EFFC0041B2F325700E3D903 /* main.m */,
			);
			name = "Supporting Files";
			sourceTree = "<group>";
		};
/* End PBXGroup section */

/* Begin PBXNativeTarget section */
		9EFFBFFE1B2F325700E3D903 /* Dota Helper */ = {
			isa = PBXNativeTarget;
			buildConfigurationList = 9EFFC0221B2F325700E3D903 /* Build configuration list for PBXNativeTarget "Dota Helper" */;
			buildPhases = (
				9EFFBFFB1B2F325700E3D903 /* Sources */,
				9EFFBFFC1B2F325700E3D903 /* Frameworks */,
				9EFFBFFD1B2F325700E3D903 /* Resources */,
			);
			buildRules = (
			);
			dependencies = (
			);
			name = "Dota Helper";
			productName = "Dota Helper";
			productReference = 9EFFBFFF1B2F325700E3D903 /* Dota Helper.app */;
			productType = "com.apple.product-type.application";
		};
		9EFFC0171B2F325700E3D903 /* Dota HelperTests */ = {
			isa = PBXNativeTarget;
			buildConfigurationList = 9EFFC0251B2F325700E3D903 /* Build configuration list for PBXNativeTarget "Dota HelperTests" */;
			buildPhases = (
				9EFFC0141B2F325700E3D903 /* Sources */,
				9EFFC0151B2F325700E3D903 /* Frameworks */,
				9EFFC0161B2F325700E3D903 /* Resources */,
			);
			buildRules = (
			);
			dependencies = (
				9EFFC01A1B2F325700E3D903 /* PBXTargetDependency */,
			);
			name = "Dota HelperTests";
			productName = "Dota HelperTests";
			productReference = 9EFFC0181B2F325700E3D903 /* Dota HelperTests.xctest */;
			productType = "com.apple.product-type.bundle.unit-test";
		};
/* End PBXNativeTarget section */

/* Begin PBXProject section */
		9EFFBFF71B2F325700E3D903 /* Project object */ = {
			isa = PBXProject;
			attributes = {
				LastUpgradeCheck = 0630;
				ORGANIZATIONNAME = "高志刚";
				TargetAttributes = {
					9EFFBFFE1B2F325700E3D903 = {
						CreatedOnToolsVersion = 6.3.2;
						DevelopmentTeam = 72C7JZ454D;
					};
					9EFFC0171B2F325700E3D903 = {
						CreatedOnToolsVersion = 6.3.2;
						TestTargetID = 9EFFBFFE1B2F325700E3D903;
					};
				};
			};
			buildConfigurationList = 9EFFBFFA1B2F325700E3D903 /* Build configuration list for PBXProject "Dota Helper" */;
			compatibilityVersion = "Xcode 3.2";
			developmentRegion = English;
			hasScannedForEncodings = 0;
			knownRegions = (
				en,
				Base,
			);
			mainGroup = 9EFFBFF61B2F325700E3D903;
			productRefGroup = 9EFFC0001B2F325700E3D903 /* Products */;
			projectDirPath = "";
			projectRoot = "";
			targets = (
				9EFFBFFE1B2F325700E3D903 /* Dota Helper */,
				9EFFC0171B2F325700E3D903 /* Dota HelperTests */,
			);
		};
/* End PBXProject section */

/* Begin PBXResourcesBuildPhase section */
		9EFFBFFD1B2F325700E3D903 /* Resources */ = {
			isa = PBXResourcesBuildPhase;
			buildActionMask = 2147483647;
			files = (
				9EFFC00E1B2F325700E3D903 /* Main.storyboard in Resources */,
				9EFFC0131B2F325700E3D903 /* LaunchScreen.xib in Resources */,
				9E5F460C1BBC0EA20065276D /* data.plist in Resources */,
				9EFFC0101B2F325700E3D903 /* Images.xcassets in Resources */,
			);
			runOnlyForDeploymentPostprocessing = 0;
		};
		9EFFC0161B2F325700E3D903 /* Resources */ = {
			isa = PBXResourcesBuildPhase;
			buildActionMask = 2147483647;
			files = (
			);
			runOnlyForDeploymentPostprocessing = 0;
		};
/* End PBXResourcesBuildPhase section */

/* Begin PBXSourcesBuildPhase section */
		9EFFBFFB1B2F325700E3D903 /* Sources */ = {
			isa = PBXSourcesBuildPhase;
			buildActionMask = 2147483647;
			files = (
				9E352BAB1BBE115B009088AC /* AllStarWithSearchViewController.m in Sources */,
				9EDDBBBC1BBBFBA1007E3BBE /* EnemyGroupData.m in Sources */,
				9EFFC00B1B2F325700E3D903 /* ViewController.m in Sources */,
				9EFABC551BBCB70A005E4CFB /* RebelSuggestion.m in Sources */,
				9EDDBBC01BBC0950007E3BBE /* AllStars.m in Sources */,
				9EFFC0081B2F325700E3D903 /* AppDelegate.m in Sources */,
				9EFFC0051B2F325700E3D903 /* main.m in Sources */,
				9EDDBBC31BBC09F5007E3BBE /* AllStarsTableViewController.m in Sources */,
				9E0036F31B2F3503001412FF /* SoundArray.m in Sources */,
				9EDDBBB91BBBFB32007E3BBE /* ChooseAndRebelViewController.m in Sources */,
			);
			runOnlyForDeploymentPostprocessing = 0;
		};
		9EFFC0141B2F325700E3D903 /* Sources */ = {
			isa = PBXSourcesBuildPhase;
			buildActionMask = 2147483647;
			files = (
				9E0036F41B2F3503001412FF /* SoundArray.m in Sources */,
			);
			runOnlyForDeploymentPostprocessing = 0;
		};
/* End PBXSourcesBuildPhase section */

/* Begin PBXTargetDependency section */
		9EFFC01A1B2F325700E3D903 /* PBXTargetDependency */ = {
			isa = PBXTargetDependency;
			target = 9EFFBFFE1B2F325700E3D903 /* Dota Helper */;
			targetProxy = 9EFFC0191B2F325700E3D903 /* PBXContainerItemProxy */;
		};
/* End PBXTargetDependency section */

/* Begin PBXVariantGroup section */
		9EFFC00C1B2F325700E3D903 /* Main.storyboard */ = {
			isa = PBXVariantGroup;
			children = (
				9EFFC00D1B2F325700E3D903 /* Base */,
			);
			name = Main.storyboard;
			sourceTree = "<group>";
		};
		9EFFC0111B2F325700E3D903 /* LaunchScreen.xib */ = {
			isa = PBXVariantGroup;
			children = (
				9EFFC0121B2F325700E3D903 /* Base */,
			);
			name = LaunchScreen.xib;
			sourceTree = "<group>";
		};
/* End PBXVariantGroup section */

/* Begin XCBuildConfiguration section */
		9EFFC0201B2F325700E3D903 /* Debug */ = {
			isa = XCBuildConfiguration;
			buildSettings = {
				ALWAYS_SEARCH_USER_PATHS = NO;
				CLANG_CXX_LANGUAGE_STANDARD = "gnu++0x";
				CLANG_CXX_LIBRARY = "libc++";
				CLANG_ENABLE_MODULES = YES;
				CLANG_ENABLE_OBJC_ARC = YES;
				CLANG_WARN_BOOL_CONVERSION = YES;
				CLANG_WARN_CONSTANT_CONVERSION = YES;
				CLANG_WARN_DIRECT_OBJC_ISA_USAGE = YES_ERROR;
				CLANG_WARN_EMPTY_BODY = YES;
				CLANG_WARN_ENUM_CONVERSION = YES;
				CLANG_WARN_INT_CONVERSION = YES;
				CLANG_WARN_OBJC_ROOT_CLASS = YES_ERROR;
				CLANG_WARN_UNREACHABLE_CODE = YES;
				CLANG_WARN__DUPLICATE_METHOD_MATCH = YES;
				"CODE_SIGN_IDENTITY[sdk=iphoneos*]" = "iPhone Developer";
				COPY_PHASE_STRIP = NO;
				DEBUG_INFORMATION_FORMAT = "dwarf-with-dsym";
				ENABLE_STRICT_OBJC_MSGSEND = YES;
				GCC_C_LANGUAGE_STANDARD = gnu99;
				GCC_DYNAMIC_NO_PIC = NO;
				GCC_NO_COMMON_BLOCKS = YES;
				GCC_OPTIMIZATION_LEVEL = 0;
				GCC_PREPROCESSOR_DEFINITIONS = (
					"DEBUG=1",
					"$(inherited)",
				);
				GCC_SYMBOLS_PRIVATE_EXTERN = NO;
				GCC_WARN_64_TO_32_BIT_CONVERSION = YES;
				GCC_WARN_ABOUT_RETURN_TYPE = YES_ERROR;
				GCC_WARN_UNDECLARED_SELECTOR = YES;
				GCC_WARN_UNINITIALIZED_AUTOS = YES_AGGRESSIVE;
				GCC_WARN_UNUSED_FUNCTION = YES;
				GCC_WARN_UNUSED_VARIABLE = YES;
				IPHONEOS_DEPLOYMENT_TARGET = 8.3;
				MTL_ENABLE_DEBUG_INFO = YES;
				ONLY_ACTIVE_ARCH = YES;
				SDKROOT = iphoneos;
				TARGETED_DEVICE_FAMILY = "1,2";
			};
			name = Debug;
		};
		9EFFC0211B2F325700E3D903 /* Release */ = {
			isa = XCBuildConfiguration;
			buildSettings = {
				ALWAYS_SEARCH_USER_PATHS = NO;
				CLANG_CXX_LANGUAGE_STANDARD = "gnu++0x";
				CLANG_CXX_LIBRARY = "libc++";
				CLANG_ENABLE_MODULES = YES;
				CLANG_ENABLE_OBJC_ARC = YES;
				CLANG_WARN_BOOL_CONVERSION = YES;
				CLANG_WARN_CONSTANT_CONVERSION = YES;
				CLANG_WARN_DIRECT_OBJC_ISA_USAGE = YES_ERROR;
				CLANG_WARN_EMPTY_BODY = YES;
				CLANG_WARN_ENUM_CONVERSION = YES;
				CLANG_WARN_INT_CONVERSION = YES;
				CLANG_WARN_OBJC_ROOT_CLASS = YES_ERROR;
				CLANG_WARN_UNREACHABLE_CODE = YES;
				CLANG_WARN__DUPLICATE_METHOD_MATCH = YES;
				"CODE_SIGN_IDENTITY[sdk=iphoneos*]" = "iPhone Developer";
				COPY_PHASE_STRIP = NO;
				DEBUG_INFORMATION_FORMAT = "dwarf-with-dsym";
				ENABLE_NS_ASSERTIONS = NO;
				ENABLE_STRICT_OBJC_MSGSEND = YES;
				GCC_C_LANGUAGE_STANDARD = gnu99;
				GCC_NO_COMMON_BLOCKS = YES;
				GCC_WARN_64_TO_32_BIT_CONVERSION = YES;
				GCC_WARN_ABOUT_RETURN_TYPE = YES_ERROR;
				GCC_WARN_UNDECLARED_SELECTOR = YES;
				GCC_WARN_UNINITIALIZED_AUTOS = YES_AGGRESSIVE;
				GCC_WARN_UNUSED_FUNCTION = YES;
				GCC_WARN_UNUSED_VARIABLE = YES;
				IPHONEOS_DEPLOYMENT_TARGET = 8.3;
				MTL_ENABLE_DEBUG_INFO = NO;
				SDKROOT = iphoneos;
				TARGETED_DEVICE_FAMILY = "1,2";
				VALIDATE_PRODUCT = YES;
			};
			name = Release;
		};
		9EFFC0231B2F325700E3D903 /* Debug */ = {
			isa = XCBuildConfiguration;
			buildSettings = {
				ASSETCATALOG_COMPILER_APPICON_NAME = AppIcon;
				DEVELOPMENT_TEAM = 72C7JZ454D;
				INFOPLIST_FILE = "Dota Helper/Info.plist";
				IPHONEOS_DEPLOYMENT_TARGET = 11.2;
				LD_RUNPATH_SEARCH_PATHS = "$(inherited) @executable_path/Frameworks";
				PRODUCT_NAME = "$(TARGET_NAME)";
				TARGETED_DEVICE_FAMILY = 1;
			};
			name = Debug;
		};
		9EFFC0241B2F325700E3D903 /* Release */ = {
			isa = XCBuildConfiguration;
			buildSettings = {
				ASSETCATALOG_COMPILER_APPICON_NAME = AppIcon;
				DEVELOPMENT_TEAM = 72C7JZ454D;
				INFOPLIST_FILE = "Dota Helper/Info.plist";
				IPHONEOS_DEPLOYMENT_TARGET = 11.2;
				LD_RUNPATH_SEARCH_PATHS = "$(inherited) @executable_path/Frameworks";
				PRODUCT_NAME = "$(TARGET_NAME)";
				TARGETED_DEVICE_FAMILY = 1;
			};
			name = Release;
		};
		9EFFC0261B2F325700E3D903 /* Debug */ = {
			isa = XCBuildConfiguration;
			buildSettings = {
				BUNDLE_LOADER = "$(TEST_HOST)";
				FRAMEWORK_SEARCH_PATHS = (
					"$(SDKROOT)/Developer/Library/Frameworks",
					"$(inherited)",
				);
				GCC_PREPROCESSOR_DEFINITIONS = (
					"DEBUG=1",
					"$(inherited)",
				);
				INFOPLIST_FILE = "Dota HelperTests/Info.plist";
				LD_RUNPATH_SEARCH_PATHS = "$(inherited) @executable_path/Frameworks @loader_path/Frameworks";
				PRODUCT_NAME = "$(TARGET_NAME)";
				TEST_HOST = "$(BUILT_PRODUCTS_DIR)/Dota Helper.app/Dota Helper";
			};
			name = Debug;
		};
		9EFFC0271B2F325700E3D903 /* Release */ = {
			isa = XCBuildConfiguration;
			buildSettings = {
				BUNDLE_LOADER = "$(TEST_HOST)";
				FRAMEWORK_SEARCH_PATHS = (
					"$(SDKROOT)/Developer/Library/Frameworks",
					"$(inherited)",
				);
				INFOPLIST_FILE = "Dota HelperTests/Info.plist";
				LD_RUNPATH_SEARCH_PATHS = "$(inherited) @executable_path/Frameworks @loader_path/Frameworks";
				PRODUCT_NAME = "$(TARGET_NAME)";
				TEST_HOST = "$(BUILT_PRODUCTS_DIR)/Dota Helper.app/Dota Helper";
			};
			name = Release;
		};
/* End XCBuildConfiguration section */

/* Begin XCConfigurationList section */
		9EFFBFFA1B2F325700E3D903 /* Build configuration list for PBXProject "Dota Helper" */ = {
			isa = XCConfigurationList;
			buildConfigurations = (
				9EFFC0201B2F325700E3D903 /* Debug */,
				9EFFC0211B2F325700E3D903 /* Release */,
			);
			defaultConfigurationIsVisible = 0;
			defaultConfigurationName = Release;
		};
		9EFFC0221B2F325700E3D903 /* Build configuration list for PBXNativeTarget "Dota Helper" */ = {
			isa = XCConfigurationList;
			buildConfigurations = (
				9EFFC0231B2F325700E3D903 /* Debug */,
				9EFFC0241B2F325700E3D903 /* Release */,
			);
			defaultConfigurationIsVisible = 0;
			defaultConfigurationName = Release;
		};
		9EFFC0251B2F325700E3D903 /* Build configuration list for PBXNativeTarget "Dota HelperTests" */ = {
			isa = XCConfigurationList;
			buildConfigurations = (
				9EFFC0261B2F325700E3D903 /* Debug */,
				9EFFC0271B2F325700E3D903 /* Release */,
			);
			defaultConfigurationIsVisible = 0;
			defaultConfigurationName = Release;
		};
/* End XCConfigurationList section */
	};
	rootObject = 9EFFBFF71B2F325700E3D903 /* Project object */;
}
